
Microsoft Visual Studio Solution File, Format Version 12.00
# Visual Studio Version 17
VisualStudioVersion = 17.14.36717.8 d17.14
MinimumVisualStudioVersion = 10.0.40219.1
Project("{FAE04EC0-301F-11D3-BF4B-00C04F79EFBC}") = "DiaryApp", "DiaryApp\DiaryApp.csproj", "{87AF39BC-3CFA-4FA2-A580-B0CE9025F08B}"
EndProject
Global
	GlobalSection(SolutionConfigurationPlatforms) = preSolution
		Debug|Any CPU = Debug|Any CPU
		Release|Any CPU = Release|Any CPU
	EndGlobalSection
	GlobalSection(ProjectConfigurationPlatforms) = postSolution
		{87AF39BC-3CFA-4FA2-A580-B0CE9025F08B}.Debug|Any CPU.ActiveCfg = Debug|Any CPU
		{87AF39BC-3CFA-4FA2-A580-B0CE9025F08B}.Debug|Any CPU.Build.0 = Debug|Any CPU
		{87AF39BC-3CFA-4FA2-A580-B0CE9025F08B}.Release|Any CPU.ActiveCfg = Release|Any CPU
		{87AF39BC-3CFA-4FA2-A580-B0CE9025F08B}.Release|Any CPU.Build.0 = Release|Any CPU
	EndGlobalSection
	GlobalSection(SolutionProperties) = preSolution
		HideSolutionNode = FALSE
	EndGlobalSection
	GlobalSection(ExtensibilityGlobals) = postSolution
		SolutionGuid = {AB9AB6DD-9ED4-40B5-9986-C102F950DA69}
	EndGlobalSection
EndGlobal
